
Microsoft Visual Studio Solution File, Format Version 12.00
# Visual Studio Version 17
VisualStudioVersion = 17.14.36623.8
MinimumVisualStudioVersion = 10.0.40219.1
Project("{FAE04EC0-301F-11D3-BF4B-00C04F79EFBC}") = "TIS", "TIS\TIS.csproj", "{CFD559F9-4DD3-433D-BBEB-C8BFD6BD7C13}"
EndProject
Global
	GlobalSection(SolutionConfigurationPlatforms) = preSolution
		Debug|Any CPU = Debug|Any CPU
		Debug|x64 = Debug|x64
		Debug|x86 = Debug|x86
		Release|Any CPU = Release|Any CPU
		Release|x64 = Release|x64
		Release|x86 = Release|x86
	EndGlobalSection
	GlobalSection(ProjectConfigurationPlatforms) = postSolution
		{CFD559F9-4DD3-433D-BBEB-C8BFD6BD7C13}.Debug|Any CPU.ActiveCfg = Debug|Any CPU
		{CFD559F9-4DD3-433D-BBEB-C8BFD6BD7C13}.Debug|Any CPU.Build.0 = Debug|Any CPU
		{CFD559F9-4DD3-433D-BBEB-C8BFD6BD7C13}.Debug|x64.ActiveCfg = Debug|Any CPU
		{CFD559F9-4DD3-433D-BBEB-C8BFD6BD7C13}.Debug|x64.Build.0 = Debug|Any CPU
		{CFD559F9-4DD3-433D-BBEB-C8BFD6BD7C13}.Debug|x86.ActiveCfg = Debug|Any CPU
		{CFD559F9-4DD3-433D-BBEB-C8BFD6BD7C13}.Debug|x86.Build.0 = Debug|Any CPU
		{CFD559F9-4DD3-433D-BBEB-C8BFD6BD7C13}.Release|Any CPU.ActiveCfg = Release|Any CPU
		{CFD559F9-4DD3-433D-BBEB-C8BFD6BD7C13}.Release|Any CPU.Build.0 = Release|Any CPU
		{CFD559F9-4DD3-433D-BBEB-C8BFD6BD7C13}.Release|x64.ActiveCfg = Release|x64
		{CFD559F9-4DD3-433D-BBEB-C8BFD6BD7C13}.Release|x64.Build.0 = Release|x64
		{CFD559F9-4DD3-433D-BBEB-C8BFD6BD7C13}.Release|x86.ActiveCfg = Release|x86
		{CFD559F9-4DD3-433D-BBEB-C8BFD6BD7C13}.Release|x86.Build.0 = Release|x86
	EndGlobalSection
	GlobalSection(SolutionProperties) = preSolution
		HideSolutionNode = FALSE
	EndGlobalSection
	GlobalSection(ExtensibilityGlobals) = postSolution
		SolutionGuid = {B7CA23E0-3F58-4047-9386-B449BDC0A62E}
	EndGlobalSection
EndGlobal
